
Microsoft Visual Studio Solution File, Format Version 12.00
# Visual Studio 15
VisualStudioVersion = 15.0.26124.0
MinimumVisualStudioVersion = 15.0.26124.0
Project("{2150E333-8FDC-42A3-9474-1A3956D46DE8}") = "src", "src", "{A1577121-994F-43D2-A12E-42FADBDFEAC4}"
EndProject
Project("{2150E333-8FDC-42A3-9474-1A3956D46DE8}") = "presentation", "presentation", "{39CB1FC4-46D7-43F2-AAAC-AFD27840FC90}"
EndProject
Project("{9A19103F-16F7-4668-BE54-9A1E7A4F7556}") = "Archive.Console", "src\presentation\Archive.Console\Archive.Console.csproj", "{B9D39B96-0376-4113-9717-129A845329E6}"
EndProject
Project("{2150E333-8FDC-42A3-9474-1A3956D46DE8}") = "core", "core", "{54BE11EF-8A4C-47D6-86FA-26951B015882}"
EndProject
Project("{9A19103F-16F7-4668-BE54-9A1E7A4F7556}") = "Archive.Data", "src\core\Archive.Data\Archive.Data.csproj", "{CFF2767F-D399-40F0-8107-7B8209288B3B}"
EndProject
Project("{9A19103F-16F7-4668-BE54-9A1E7A4F7556}") = "Archive.Services", "src\core\Archive.Services\Archive.Services.csproj", "{82DEB500-D73A-47F3-A57B-343FA626F278}"
EndProject
Project("{2150E333-8FDC-42A3-9474-1A3956D46DE8}") = "tests", "tests", "{9081EAF6-4ADE-4465-9298-FF88DB00489A}"
EndProject
Project("{2150E333-8FDC-42A3-9474-1A3956D46DE8}") = "core", "core", "{61253A34-D688-434C-84AB-9D23C8124849}"
EndProject
Project("{2150E333-8FDC-42A3-9474-1A3956D46DE8}") = "presentation", "presentation", "{FE462DB3-CFA9-4910-AC73-919EEEC55307}"
EndProject
Project("{9A19103F-16F7-4668-BE54-9A1E7A4F7556}") = "Archive.Services.Tests", "tests\core\Archive.Services.Tests\Archive.Services.Tests.csproj", "{87AFEB3F-5A27-4B95-BA94-3A35B9694181}"
EndProject
Project("{2150E333-8FDC-42A3-9474-1A3956D46DE8}") = "utils", "utils", "{1F9A3639-D933-484B-ADB9-54C33B6950D2}"
EndProject
Project("{FAE04EC0-301F-11D3-BF4B-00C04F79EFBC}") = "Archive.Utils", "src\utils\Archive.Utils\Archive.Utils.csproj", "{5F25276A-6F54-4DD6-9301-28FC1302BDDA}"
EndProject
Project("{FAE04EC0-301F-11D3-BF4B-00C04F79EFBC}") = "Archive.Console.Tests", "tests\presentation\Archive.Console.Tests\Archive.Console.Tests.csproj", "{C3385B84-CF18-4F35-8186-D4C77F157DB5}"
EndProject
Global
	GlobalSection(SolutionConfigurationPlatforms) = preSolution
		Debug|Any CPU = Debug|Any CPU
		Debug|x64 = Debug|x64
		Debug|x86 = Debug|x86
		Release|Any CPU = Release|Any CPU
		Release|x64 = Release|x64
		Release|x86 = Release|x86
	EndGlobalSection
	GlobalSection(ProjectConfigurationPlatforms) = postSolution
		{B9D39B96-0376-4113-9717-129A845329E6}.Debug|Any CPU.ActiveCfg = Debug|Any CPU
		{B9D39B96-0376-4113-9717-129A845329E6}.Debug|Any CPU.Build.0 = Debug|Any CPU
		{B9D39B96-0376-4113-9717-129A845329E6}.Debug|x64.ActiveCfg = Debug|Any CPU
		{B9D39B96-0376-4113-9717-129A845329E6}.Debug|x64.Build.0 = Debug|Any CPU
		{B9D39B96-0376-4113-9717-129A845329E6}.Debug|x86.ActiveCfg = Debug|Any CPU
		{B9D39B96-0376-4113-9717-129A845329E6}.Debug|x86.Build.0 = Debug|Any CPU
		{B9D39B96-0376-4113-9717-129A845329E6}.Release|Any CPU.ActiveCfg = Release|Any CPU
		{B9D39B96-0376-4113-9717-129A845329E6}.Release|Any CPU.Build.0 = Release|Any CPU
		{B9D39B96-0376-4113-9717-129A845329E6}.Release|x64.ActiveCfg = Release|Any CPU
		{B9D39B96-0376-4113-9717-129A845329E6}.Release|x64.Build.0 = Release|Any CPU
		{B9D39B96-0376-4113-9717-129A845329E6}.Release|x86.ActiveCfg = Release|Any CPU
		{B9D39B96-0376-4113-9717-129A845329E6}.Release|x86.Build.0 = Release|Any CPU
		{CFF2767F-D399-40F0-8107-7B8209288B3B}.Debug|Any CPU.ActiveCfg = Debug|Any CPU
		{CFF2767F-D399-40F0-8107-7B8209288B3B}.Debug|Any CPU.Build.0 = Debug|Any CPU
		{CFF2767F-D399-40F0-8107-7B8209288B3B}.Debug|x64.ActiveCfg = Debug|Any CPU
		{CFF2767F-D399-40F0-8107-7B8209288B3B}.Debug|x64.Build.0 = Debug|Any CPU
		{CFF2767F-D399-40F0-8107-7B8209288B3B}.Debug|x86.ActiveCfg = Debug|Any CPU
		{CFF2767F-D399-40F0-8107-7B8209288B3B}.Debug|x86.Build.0 = Debug|Any CPU
		{CFF2767F-D399-40F0-8107-7B8209288B3B}.Release|Any CPU.ActiveCfg = Release|Any CPU
		{CFF2767F-D399-40F0-8107-7B8209288B3B}.Release|Any CPU.Build.0 = Release|Any CPU
		{CFF2767F-D399-40F0-8107-7B8209288B3B}.Release|x64.ActiveCfg = Release|Any CPU
		{CFF2767F-D399-40F0-8107-7B8209288B3B}.Release|x64.Build.0 = Release|Any CPU
		{CFF2767F-D399-40F0-8107-7B8209288B3B}.Release|x86.ActiveCfg = Release|Any CPU
		{CFF2767F-D399-40F0-8107-7B8209288B3B}.Release|x86.Build.0 = Release|Any CPU
		{82DEB500-D73A-47F3-A57B-343FA626F278}.Debug|Any CPU.ActiveCfg = Debug|Any CPU
		{82DEB500-D73A-47F3-A57B-343FA626F278}.Debug|Any CPU.Build.0 = Debug|Any CPU
		{82DEB500-D73A-47F3-A57B-343FA626F278}.Debug|x64.ActiveCfg = Debug|Any CPU
		{82DEB500-D73A-47F3-A57B-343FA626F278}.Debug|x64.Build.0 = Debug|Any CPU
		{82DEB500-D73A-47F3-A57B-343FA626F278}.Debug|x86.ActiveCfg = Debug|Any CPU
		{82DEB500-D73A-47F3-A57B-343FA626F278}.Debug|x86.Build.0 = Debug|Any CPU
		{82DEB500-D73A-47F3-A57B-343FA626F278}.Release|Any CPU.ActiveCfg = Release|Any CPU
		{82DEB500-D73A-47F3-A57B-343FA626F278}.Release|Any CPU.Build.0 = Release|Any CPU
		{82DEB500-D73A-47F3-A57B-343FA626F278}.Release|x64.ActiveCfg = Release|Any CPU
		{82DEB500-D73A-47F3-A57B-343FA626F278}.Release|x64.Build.0 = Release|Any CPU
		{82DEB500-D73A-47F3-A57B-343FA626F278}.Release|x86.ActiveCfg = Release|Any CPU
		{82DEB500-D73A-47F3-A57B-343FA626F278}.Release|x86.Build.0 = Release|Any CPU
		{87AFEB3F-5A27-4B95-BA94-3A35B9694181}.Debug|Any CPU.ActiveCfg = Debug|Any CPU
		{87AFEB3F-5A27-4B95-BA94-3A35B9694181}.Debug|Any CPU.Build.0 = Debug|Any CPU
		{87AFEB3F-5A27-4B95-BA94-3A35B9694181}.Debug|x64.ActiveCfg = Debug|Any CPU
		{87AFEB3F-5A27-4B95-BA94-3A35B9694181}.Debug|x64.Build.0 = Debug|Any CPU
		{87AFEB3F-5A27-4B95-BA94-3A35B9694181}.Debug|x86.ActiveCfg = Debug|Any CPU
		{87AFEB3F-5A27-4B95-BA94-3A35B9694181}.Debug|x86.Build.0 = Debug|Any CPU
		{87AFEB3F-5A27-4B95-BA94-3A35B9694181}.Release|Any CPU.ActiveCfg = Release|Any CPU
		{87AFEB3F-5A27-4B95-BA94-3A35B9694181}.Release|Any CPU.Build.0 = Release|Any CPU
		{87AFEB3F-5A27-4B95-BA94-3A35B9694181}.Release|x64.ActiveCfg = Release|Any CPU
		{87AFEB3F-5A27-4B95-BA94-3A35B9694181}.Release|x64.Build.0 = Release|Any CPU
		{87AFEB3F-5A27-4B95-BA94-3A35B9694181}.Release|x86.ActiveCfg = Release|Any CPU
		{87AFEB3F-5A27-4B95-BA94-3A35B9694181}.Release|x86.Build.0 = Release|Any CPU
		{5F25276A-6F54-4DD6-9301-28FC1302BDDA}.Debug|Any CPU.ActiveCfg = Debug|Any CPU
		{5F25276A-6F54-4DD6-9301-28FC1302BDDA}.Debug|Any CPU.Build.0 = Debug|Any CPU
		{5F25276A-6F54-4DD6-9301-28FC1302BDDA}.Debug|x64.ActiveCfg = Debug|Any CPU
		{5F25276A-6F54-4DD6-9301-28FC1302BDDA}.Debug|x64.Build.0 = Debug|Any CPU
		{5F25276A-6F54-4DD6-9301-28FC1302BDDA}.Debug|x86.ActiveCfg = Debug|Any CPU
		{5F25276A-6F54-4DD6-9301-28FC1302BDDA}.Debug|x86.Build.0 = Debug|Any CPU
		{5F25276A-6F54-4DD6-9301-28FC1302BDDA}.Release|Any CPU.ActiveCfg = Release|Any CPU
		{5F25276A-6F54-4DD6-9301-28FC1302BDDA}.Release|Any CPU.Build.0 = Release|Any CPU
		{5F25276A-6F54-4DD6-9301-28FC1302BDDA}.Release|x64.ActiveCfg = Release|Any CPU
		{5F25276A-6F54-4DD6-9301-28FC1302BDDA}.Release|x64.Build.0 = Release|Any CPU
		{5F25276A-6F54-4DD6-9301-28FC1302BDDA}.Release|x86.ActiveCfg = Release|Any CPU
		{5F25276A-6F54-4DD6-9301-28FC1302BDDA}.Release|x86.Build.0 = Release|Any CPU
		{C3385B84-CF18-4F35-8186-D4C77F157DB5}.Debug|Any CPU.ActiveCfg = Debug|Any CPU
		{C3385B84-CF18-4F35-8186-D4C77F157DB5}.Debug|Any CPU.Build.0 = Debug|Any CPU
		{C3385B84-CF18-4F35-8186-D4C77F157DB5}.Debug|x64.ActiveCfg = Debug|Any CPU
		{C3385B84-CF18-4F35-8186-D4C77F157DB5}.Debug|x64.Build.0 = Debug|Any CPU
		{C3385B84-CF18-4F35-8186-D4C77F157DB5}.Debug|x86.ActiveCfg = Debug|Any CPU
		{C3385B84-CF18-4F35-8186-D4C77F157DB5}.Debug|x86.Build.0 = Debug|Any CPU
		{C3385B84-CF18-4F35-8186-D4C77F157DB5}.Release|Any CPU.ActiveCfg = Release|Any CPU
		{C3385B84-CF18-4F35-8186-D4C77F157DB5}.Release|Any CPU.Build.0 = Release|Any CPU
		{C3385B84-CF18-4F35-8186-D4C77F157DB5}.Release|x64.ActiveCfg = Release|Any CPU
		{C3385B84-CF18-4F35-8186-D4C77F157DB5}.Release|x64.Build.0 = Release|Any CPU
		{C3385B84-CF18-4F35-8186-D4C77F157DB5}.Release|x86.ActiveCfg = Release|Any CPU
		{C3385B84-CF18-4F35-8186-D4C77F157DB5}.Release|x86.Build.0 = Release|Any CPU
	EndGlobalSection
	GlobalSection(SolutionProperties) = preSolution
		HideSolutionNode = FALSE
	EndGlobalSection
	GlobalSection(NestedProjects) = preSolution
		{39CB1FC4-46D7-43F2-AAAC-AFD27840FC90} = {A1577121-994F-43D2-A12E-42FADBDFEAC4}
		{B9D39B96-0376-4113-9717-129A845329E6} = {39CB1FC4-46D7-43F2-AAAC-AFD27840FC90}
		{54BE11EF-8A4C-47D6-86FA-26951B015882} = {A1577121-994F-43D2-A12E-42FADBDFEAC4}
		{CFF2767F-D399-40F0-8107-7B8209288B3B} = {54BE11EF-8A4C-47D6-86FA-26951B015882}
		{82DEB500-D73A-47F3-A57B-343FA626F278} = {54BE11EF-8A4C-47D6-86FA-26951B015882}
		{61253A34-D688-434C-84AB-9D23C8124849} = {9081EAF6-4ADE-4465-9298-FF88DB00489A}
		{FE462DB3-CFA9-4910-AC73-919EEEC55307} = {9081EAF6-4ADE-4465-9298-FF88DB00489A}
		{87AFEB3F-5A27-4B95-BA94-3A35B9694181} = {61253A34-D688-434C-84AB-9D23C8124849}
		{1F9A3639-D933-484B-ADB9-54C33B6950D2} = {A1577121-994F-43D2-A12E-42FADBDFEAC4}
		{5F25276A-6F54-4DD6-9301-28FC1302BDDA} = {1F9A3639-D933-484B-ADB9-54C33B6950D2}
		{C3385B84-CF18-4F35-8186-D4C77F157DB5} = {FE462DB3-CFA9-4910-AC73-919EEEC55307}
	EndGlobalSection
	GlobalSection(ExtensibilityGlobals) = postSolution
		SolutionGuid = {806BDE9E-754D-4A84-9BDE-006E2AB3D36D}
	EndGlobalSection
EndGlobal
